
Microsoft Visual Studio Solution File, Format Version 12.00
# Visual Studio Version 17
VisualStudioVersion = 17.0.31903.59
MinimumVisualStudioVersion = 10.0.40219.1
Project("{9A19103F-16F7-4668-BE54-9A1E7A4F7556}") = "Fujitsu.CvQc.Data", "Fujitsu.CvQc.Data\Fujitsu.CvQc.Data.csproj", "{D7601F61-4727-42A0-BC6D-AFBE7B4C62A4}"
EndProject
Project("{9A19103F-16F7-4668-BE54-9A1E7A4F7556}") = "Fujitsu.CvQc.API", "Fujitsu.CvQc.API\Fujitsu.CvQc.API.csproj", "{1D898F7A-530E-41DA-8FF6-DB21FEFF0861}"
EndProject
Project("{9A19103F-16F7-4668-BE54-9A1E7A4F7556}") = "Fujitsu.CvQc.Business", "Fujitsu.CvQc.Business\Fujitsu.CvQc.Business.csproj", "{43ABB3AD-EEF4-4A0A-B29C-BD8541BC0E3D}"
EndProject
Project("{9A19103F-16F7-4668-BE54-9A1E7A4F7556}") = "Fujitsu.CvQc.Console", "Fujitsu.CvQc.Console\Fujitsu.CvQc.Console.csproj", "{D4066DC9-3883-4D73-B96C-071CA89934F3}"
EndProject
#Project("{FAE04EC0-301F-11D3-BF4B-00C04F79EFBC}") = "Fujitsu.CvQc.API.Test", "Fujitsu.CvQc.API.Test\Fujitsu.CvQc.API.Test.csproj", "{F7874483-8A22-4CB0-9D43-18B313DBB39C}"
#EndProject
Global
	GlobalSection(SolutionConfigurationPlatforms) = preSolution
		Debug|Any CPU = Debug|Any CPU
		Release|Any CPU = Release|Any CPU
	EndGlobalSection
	GlobalSection(ProjectConfigurationPlatforms) = postSolution
		{D7601F61-4727-42A0-BC6D-AFBE7B4C62A4}.Debug|Any CPU.ActiveCfg = Debug|Any CPU
		{D7601F61-4727-42A0-BC6D-AFBE7B4C62A4}.Debug|Any CPU.Build.0 = Debug|Any CPU
		{D7601F61-4727-42A0-BC6D-AFBE7B4C62A4}.Release|Any CPU.ActiveCfg = Release|Any CPU
		{D7601F61-4727-42A0-BC6D-AFBE7B4C62A4}.Release|Any CPU.Build.0 = Release|Any CPU
		{1D898F7A-530E-41DA-8FF6-DB21FEFF0861}.Debug|Any CPU.ActiveCfg = Debug|Any CPU
		{1D898F7A-530E-41DA-8FF6-DB21FEFF0861}.Debug|Any CPU.Build.0 = Debug|Any CPU
		{1D898F7A-530E-41DA-8FF6-DB21FEFF0861}.Release|Any CPU.ActiveCfg = Release|Any CPU
		{1D898F7A-530E-41DA-8FF6-DB21FEFF0861}.Release|Any CPU.Build.0 = Release|Any CPU
		{43ABB3AD-EEF4-4A0A-B29C-BD8541BC0E3D}.Debug|Any CPU.ActiveCfg = Debug|Any CPU
		{43ABB3AD-EEF4-4A0A-B29C-BD8541BC0E3D}.Debug|Any CPU.Build.0 = Debug|Any CPU
		{43ABB3AD-EEF4-4A0A-B29C-BD8541BC0E3D}.Release|Any CPU.ActiveCfg = Release|Any CPU
		{43ABB3AD-EEF4-4A0A-B29C-BD8541BC0E3D}.Release|Any CPU.Build.0 = Release|Any CPU
		{D4066DC9-3883-4D73-B96C-071CA89934F3}.Debug|Any CPU.ActiveCfg = Debug|Any CPU
		{D4066DC9-3883-4D73-B96C-071CA89934F3}.Debug|Any CPU.Build.0 = Debug|Any CPU
		{D4066DC9-3883-4D73-B96C-071CA89934F3}.Release|Any CPU.ActiveCfg = Release|Any CPU
		{D4066DC9-3883-4D73-B96C-071CA89934F3}.Release|Any CPU.Build.0 = Release|Any CPU
		{F7874483-8A22-4CB0-9D43-18B313DBB39C}.Debug|Any CPU.ActiveCfg = Debug|Any CPU
		{F7874483-8A22-4CB0-9D43-18B313DBB39C}.Debug|Any CPU.Build.0 = Debug|Any CPU
		{F7874483-8A22-4CB0-9D43-18B313DBB39C}.Release|Any CPU.ActiveCfg = Release|Any CPU
		{F7874483-8A22-4CB0-9D43-18B313DBB39C}.Release|Any CPU.Build.0 = Release|Any CPU
	EndGlobalSection
	GlobalSection(SolutionProperties) = preSolution
		HideSolutionNode = FALSE
	EndGlobalSection
	GlobalSection(ExtensibilityGlobals) = postSolution
		SolutionGuid = {816EB846-179C-472C-95CE-167AB66AFC2F}
	EndGlobalSection
EndGlobal
